
Microsoft Visual Studio Solution File, Format Version 12.00
# Visual Studio Version 16
VisualStudioVersion = 16.0.29306.81
MinimumVisualStudioVersion = 10.0.40219.1
Project("{FAE04EC0-301F-11D3-BF4B-00C04F79EFBC}") = "RaymarchingAnd3DFractals", "RaymarchingAnd3DFractals.csproj", "{72A85042-B511-4D42-8F91-1DC98AC03470}"
EndProject
Global
	GlobalSection(SolutionConfigurationPlatforms) = preSolution
		Debug|Any CPU = Debug|Any CPU
		Release|Any CPU = Release|Any CPU
	EndGlobalSection
	GlobalSection(ProjectConfigurationPlatforms) = postSolution
		{72A85042-B511-4D42-8F91-1DC98AC03470}.Debug|Any CPU.ActiveCfg = Debug|Any CPU
		{72A85042-B511-4D42-8F91-1DC98AC03470}.Debug|Any CPU.Build.0 = Debug|Any CPU
		{72A85042-B511-4D42-8F91-1DC98AC03470}.Release|Any CPU.ActiveCfg = Release|Any CPU
		{72A85042-B511-4D42-8F91-1DC98AC03470}.Release|Any CPU.Build.0 = Release|Any CPU
	EndGlobalSection
	GlobalSection(SolutionProperties) = preSolution
		HideSolutionNode = FALSE
	EndGlobalSection
	GlobalSection(ExtensibilityGlobals) = postSolution
		SolutionGuid = {5242C12E-BA13-4B8D-96E6-DE77608A1049}
	EndGlobalSection
EndGlobal
